
Microsoft Visual Studio Solution File, Format Version 12.00
# Visual Studio Version 17
VisualStudioVersion = 17.14.36705.20 d17.14
MinimumVisualStudioVersion = 10.0.40219.1
Project("{FAE04EC0-301F-11D3-BF4B-00C04F79EFBC}") = "RtoVehicalDetails", "RtoVehicalDetails.csproj", "{4E98F970-1D7D-42A2-F5BF-A51B9B62269D}"
EndProject
Global
	GlobalSection(SolutionConfigurationPlatforms) = preSolution
		Debug|Any CPU = Debug|Any CPU
		Release|Any CPU = Release|Any CPU
	EndGlobalSection
	GlobalSection(ProjectConfigurationPlatforms) = postSolution
		{4E98F970-1D7D-42A2-F5BF-A51B9B62269D}.Debug|Any CPU.ActiveCfg = Debug|Any CPU
		{4E98F970-1D7D-42A2-F5BF-A51B9B62269D}.Debug|Any CPU.Build.0 = Debug|Any CPU
		{4E98F970-1D7D-42A2-F5BF-A51B9B62269D}.Release|Any CPU.ActiveCfg = Release|Any CPU
		{4E98F970-1D7D-42A2-F5BF-A51B9B62269D}.Release|Any CPU.Build.0 = Release|Any CPU
	EndGlobalSection
	GlobalSection(SolutionProperties) = preSolution
		HideSolutionNode = FALSE
	EndGlobalSection
	GlobalSection(ExtensibilityGlobals) = postSolution
		SolutionGuid = {F8CCE449-9B09-4C96-86A9-7A46BB63A9B7}
	EndGlobalSection
EndGlobal
